
Microsoft Visual Studio Solution File, Format Version 12.00
Project("{FAE04EC0-301F-11D3-BF4B-00C04F79EFBC}") = "Tamturk.RequestSigning", "src\Tamturk.RequestSigning\Tamturk.RequestSigning.csproj", "{2656E41E-BE51-4FFA-B76E-EACA39AF0361}"
EndProject
Project("{FAE04EC0-301F-11D3-BF4B-00C04F79EFBC}") = "Tamturk.AspNetCore.RequestSigning", "src\Tamturk.AspNetCore.RequestSigning\Tamturk.AspNetCore.RequestSigning.csproj", "{75F1541A-FECA-43AE-9EC9-55F04A5447CF}"
EndProject
Project("{2150E333-8FDC-42A3-9474-1A3956D46DE8}") = "samples", "samples", "{3F9CE658-A855-4CA1-9E41-57C52C340E49}"
EndProject
Project("{FAE04EC0-301F-11D3-BF4B-00C04F79EFBC}") = "Tamturk.AspNetCore.RequestSigning.SampleWeb", "samples\Tamturk.AspNetCore.RequestSigning.SampleWeb\Tamturk.AspNetCore.RequestSigning.SampleWeb.csproj", "{ABBAFB0D-1E3D-4397-857E-A985EE818051}"
EndProject
Project("{2150E333-8FDC-42A3-9474-1A3956D46DE8}") = "src", "src", "{5EBD9179-68B4-495B-B1A5-93CE462D7D99}"
EndProject
Global
	GlobalSection(SolutionConfigurationPlatforms) = preSolution
		Debug|Any CPU = Debug|Any CPU
		Release|Any CPU = Release|Any CPU
	EndGlobalSection
	GlobalSection(ProjectConfigurationPlatforms) = postSolution
		{2656E41E-BE51-4FFA-B76E-EACA39AF0361}.Debug|Any CPU.ActiveCfg = Debug|Any CPU
		{2656E41E-BE51-4FFA-B76E-EACA39AF0361}.Debug|Any CPU.Build.0 = Debug|Any CPU
		{2656E41E-BE51-4FFA-B76E-EACA39AF0361}.Release|Any CPU.ActiveCfg = Release|Any CPU
		{2656E41E-BE51-4FFA-B76E-EACA39AF0361}.Release|Any CPU.Build.0 = Release|Any CPU
		{75F1541A-FECA-43AE-9EC9-55F04A5447CF}.Debug|Any CPU.ActiveCfg = Debug|Any CPU
		{75F1541A-FECA-43AE-9EC9-55F04A5447CF}.Debug|Any CPU.Build.0 = Debug|Any CPU
		{75F1541A-FECA-43AE-9EC9-55F04A5447CF}.Release|Any CPU.ActiveCfg = Release|Any CPU
		{75F1541A-FECA-43AE-9EC9-55F04A5447CF}.Release|Any CPU.Build.0 = Release|Any CPU
		{ABBAFB0D-1E3D-4397-857E-A985EE818051}.Debug|Any CPU.ActiveCfg = Debug|Any CPU
		{ABBAFB0D-1E3D-4397-857E-A985EE818051}.Debug|Any CPU.Build.0 = Debug|Any CPU
		{ABBAFB0D-1E3D-4397-857E-A985EE818051}.Release|Any CPU.ActiveCfg = Release|Any CPU
		{ABBAFB0D-1E3D-4397-857E-A985EE818051}.Release|Any CPU.Build.0 = Release|Any CPU
	EndGlobalSection
	GlobalSection(NestedProjects) = preSolution
		{ABBAFB0D-1E3D-4397-857E-A985EE818051} = {3F9CE658-A855-4CA1-9E41-57C52C340E49}
		{75F1541A-FECA-43AE-9EC9-55F04A5447CF} = {5EBD9179-68B4-495B-B1A5-93CE462D7D99}
		{2656E41E-BE51-4FFA-B76E-EACA39AF0361} = {5EBD9179-68B4-495B-B1A5-93CE462D7D99}
	EndGlobalSection
EndGlobal
